{
  "name": "tester",
  "version": "1.0.0",
  "lockfileVersion": 1,
  "requires": true,
  "dependencies": {
    "cashmoneyloan": {
      "version": "1.0.3",
      "resolved": "https://registry.npmjs.org/cashmoneyloan/-/cashmoneyloan-1.0.3.tgz",
      "integrity": "sha512-RSlfu3afQyyUsR2NiBJ2uaCk/Rmoms1rdkBiLnEuRR+5JJmKvYrw2U+uVcrC0EUTAWUO0yIxcWNRUl1lnS5duA=="
    }
  }
}
